{
  "nodes": {
    "home-manager": {
      "inputs": {
        "nixpkgs": [
          "nixpkgs"
        ],
        "utils": "utils"
      },
      "locked": {
        "lastModified": 1680597706,
        "narHash": "sha256-ZqJ3T+BxzjPH9TnmeUwS4Uu9ZQPeBXAFC9sUWlharT4=",
        "owner": "nix-community",
        "repo": "home-manager",
        "rev": "ec06f419af79207b33d797064dfb3fc9dbe1df4a",
        "type": "github"
      },
      "original": {
        "owner": "nix-community",
        "repo": "home-manager",
        "type": "github"
      }
    },
    "nix-gaming": {
      "inputs": {
        "nixpkgs": [
          "nixpkgs"
        ]
      },
      "locked": {
        "lastModified": 1680655986,
        "narHash": "sha256-u6gs9B6ckuL3dXjI/LdATeXltEh04DYxCk6vZtF/WEs=",
        "owner": "fufexan",
        "repo": "nix-gaming",
        "rev": "9ba4a24198646582e208ec8cdf5e8324be23e2d7",
        "type": "github"
      },
      "original": {
        "owner": "fufexan",
        "repo": "nix-gaming",
        "type": "github"
      }
    },
    "nixpkgs": {
      "locked": {
        "lastModified": 1680669251,
        "narHash": "sha256-AVNE+0u4HlI3v96KCXE9risH7NKqj0QDLLfSckYXIbA=",
        "path": "/nix/store/qw9nnl2wmvx0ad0f9aqvdbw5cl5mirvc-source",
        "rev": "9c8ff8b426a8b07b9e0a131ac3218740dc85ba1e",
        "type": "path"
      },
      "original": {
        "id": "nixpkgs",
        "type": "indirect"
      }
    },
    "notlua": {
      "inputs": {
        "nixpkgs": [
          "nixpkgs"
        ]
      },
      "locked": {
        "lastModified": 1680277516,
        "narHash": "sha256-ACq/VPe+nuqlm0RNrNho/y1yijNAERSSW81epV71MGU=",
        "owner": "chayleaf",
        "repo": "notlua",
        "rev": "95fd2ccfda749044ed0bcc0cb0cedbda5bd46e62",
        "type": "github"
      },
      "original": {
        "owner": "chayleaf",
        "ref": "master",
        "repo": "notlua",
        "type": "github"
      }
    },
    "nur": {
      "locked": {
        "lastModified": 1680758135,
        "narHash": "sha256-gmTwQ6VHbXAfXbBgeqXZyyuEb0Hhroi8IOM/nokBOwM=",
        "owner": "nix-community",
        "repo": "NUR",
        "rev": "9570cfc60f7ca32fdcdc4292f1e24ea5c62977bd",
        "type": "github"
      },
      "original": {
        "owner": "nix-community",
        "repo": "NUR",
        "type": "github"
      }
    },
    "root": {
      "inputs": {
        "home-manager": "home-manager",
        "nix-gaming": "nix-gaming",
        "nixpkgs": "nixpkgs",
        "notlua": "notlua",
        "nur": "nur"
      }
    },
    "utils": {
      "locked": {
        "lastModified": 1678901627,
        "narHash": "sha256-U02riOqrKKzwjsxc/400XnElV+UtPUQWpANPlyazjH0=",
        "owner": "numtide",
        "repo": "flake-utils",
        "rev": "93a2b84fc4b70d9e089d029deacc3583435c2ed6",
        "type": "github"
      },
      "original": {
        "owner": "numtide",
        "repo": "flake-utils",
        "type": "github"
      }
    }
  },
  "root": "root",
  "version": 7
}
