{
  "nodes": {
    "home-manager": {
      "inputs": {
        "nixpkgs": [
          "nixpkgs"
        ]
      },
      "locked": {
        "lastModified": 1683651229,
        "narHash": "sha256-HN0Mw8g1XQIrcdyzqT00YW0Uqi/V/BUUUAgvcK1pcSM=",
        "owner": "nix-community",
        "repo": "home-manager",
        "rev": "983f8a1bb965b261492123cd8e2d07da46d4d50a",
        "type": "github"
      },
      "original": {
        "owner": "nix-community",
        "repo": "home-manager",
        "type": "github"
      }
    },
    "nix-gaming": {
      "inputs": {
        "nixpkgs": [
          "nixpkgs"
        ]
      },
      "locked": {
        "lastModified": 1683465499,
        "narHash": "sha256-7dufJBJ/AY4vd5x+2kR9Xj39ydmFf9JhzoDAF/NxeLM=",
        "owner": "fufexan",
        "repo": "nix-gaming",
        "rev": "6e2819c51586b34106360e261bad1e1c4d4f783b",
        "type": "github"
      },
      "original": {
        "owner": "fufexan",
        "repo": "nix-gaming",
        "type": "github"
      }
    },
    "nixpkgs": {
      "locked": {
        "lastModified": 1683408522,
        "narHash": "sha256-9kcPh6Uxo17a3kK3XCHhcWiV1Yu1kYj22RHiymUhMkU=",
        "path": "/nix/store/zjpd6dn9kza8zl3l17cwgyifsxbvi3nb-source",
        "rev": "897876e4c484f1e8f92009fd11b7d988a121a4e7",
        "type": "path"
      },
      "original": {
        "id": "nixpkgs",
        "type": "indirect"
      }
    },
    "notlua": {
      "inputs": {
        "nixpkgs": [
          "nixpkgs"
        ]
      },
      "locked": {
        "lastModified": 1682202201,
        "narHash": "sha256-3r5izcrgfO2RxV1gU7aWQnGAky5Ek3wyzM+9eQtG4M4=",
        "owner": "chayleaf",
        "repo": "notlua",
        "rev": "cd89a08083cc43a07ac1f6ced0594fa7f49c5cf2",
        "type": "github"
      },
      "original": {
        "owner": "chayleaf",
        "ref": "master",
        "repo": "notlua",
        "type": "github"
      }
    },
    "nur": {
      "locked": {
        "lastModified": 1683707801,
        "narHash": "sha256-fEoovtx4OXwftUoiRTnPP+dCDJKUE3KXO/rKxNqueQ8=",
        "owner": "nix-community",
        "repo": "NUR",
        "rev": "c524842d10fe65f19e0bb544b39d805e0b5d6d8e",
        "type": "github"
      },
      "original": {
        "owner": "nix-community",
        "repo": "NUR",
        "type": "github"
      }
    },
    "root": {
      "inputs": {
        "home-manager": "home-manager",
        "nix-gaming": "nix-gaming",
        "nixpkgs": "nixpkgs",
        "notlua": "notlua",
        "nur": "nur"
      }
    }
  },
  "root": "root",
  "version": 7
}
